{
  "name": "yt-downloader",
  "version": "1.0.0",
  "lockfileVersion": 3,
  "requires": true,
  "packages": {
    "": {
      "name": "yt-downloader",
      "version": "1.0.0",
      "dependencies": {
        "@hono/node-server": "^1.14.3",
        "hono": "^4.7.10"
      }
    },
    "node_modules/@hono/node-server": {
      "version": "1.19.14",
      "resolved": "https://registry.npmjs.org/@hono/node-server/-/node-server-1.19.14.tgz",
      "integrity": "sha512-GwtvgtXxnWsucXvbQXkRgqksiH2Qed37H9xHZocE5sA3N8O8O8/8FA3uclQXxXVzc9XBZuEOMK7+r02FmSpHtw==",
      "license": "MIT",
      "engines": {
        "node": ">=18.14.1"
      },
      "peerDependencies": {
        "hono": "^4"
      }
    },
    "node_modules/hono": {
      "version": "4.12.23",
      "resolved": "https://registry.npmjs.org/hono/-/hono-4.12.23.tgz",
      "integrity": "sha512-eIaZ9qDgu7XV0pxOCrg7/WhnQ6Ivm22UcxhXx/A3dcbqbbYgBEkc6e/J/s7j2tS96zoB0S9VBdLwQNCWwUo4LA==",
      "license": "MIT",
      "engines": {
        "node": ">=16.9.0"
      }
    }
  }
}
